
Microsoft Visual Studio Solution File, Format Version 12.00
# Visual Studio 15
VisualStudioVersion = 15.0.28307.572
MinimumVisualStudioVersion = 10.0.40219.1
Project("{00D1A9C2-B5F0-4AF3-8072-F6C62B433612}") = "OCDE_STG", "OCDE\OCDE_STG.sqlproj", "{2CC83C0D-6225-4151-8059-805FBEF86120}"
EndProject
Project("{00D1A9C2-B5F0-4AF3-8072-F6C62B433612}") = "OCDE_DWH", "OCDE_DWH\OCDE_DWH.sqlproj", "{BC3CE126-D6C8-431B-ABBB-B685C3D03E58}"
EndProject
Project("{159641D6-6404-4A2A-AE62-294DE0FE8301}") = "OCDE_SSIS", "OCDE_SSIS\OCDE_SSIS.dtproj", "{0927F01B-98AE-4888-BF1F-F8BDE2EEDFD1}"
EndProject
Project("{00D1A9C2-B5F0-4AF3-8072-F6C62B433612}") = "OCDE_DMT", "Data_Mart\OCDE_DMT.sqlproj", "{894B4186-EB33-4062-A8FE-2E9484C22DBF}"
EndProject
Project("{D2ABAB84-BF74-430A-B69E-9DC6D40DDA17}") = "Mult_UsageStat", "Mult_UsageStat\Mult_UsageStat.dwproj", "{BAD8B77B-EEBC-41D3-8E4D-E4485292DC93}"
EndProject
Project("{6870E480-7721-4708-BFB8-9AE898AA21B3}") = "Tab_UsageStat2", "Tab_UsageStat2\Tab_UsageStat2.smproj", "{8CE414BB-95B2-4C99-9E03-51BA72086E22}"
EndProject
Global
	GlobalSection(SolutionConfigurationPlatforms) = preSolution
		Debug|Any CPU = Debug|Any CPU
		Debug|x86 = Debug|x86
		Development|Any CPU = Development|Any CPU
		Development|x86 = Development|x86
		Release|Any CPU = Release|Any CPU
		Release|x86 = Release|x86
	EndGlobalSection
	GlobalSection(ProjectConfigurationPlatforms) = postSolution
		{2CC83C0D-6225-4151-8059-805FBEF86120}.Debug|Any CPU.ActiveCfg = Debug|Any CPU
		{2CC83C0D-6225-4151-8059-805FBEF86120}.Debug|Any CPU.Build.0 = Debug|Any CPU
		{2CC83C0D-6225-4151-8059-805FBEF86120}.Debug|Any CPU.Deploy.0 = Debug|Any CPU
		{2CC83C0D-6225-4151-8059-805FBEF86120}.Debug|x86.ActiveCfg = Debug|Any CPU
		{2CC83C0D-6225-4151-8059-805FBEF86120}.Debug|x86.Build.0 = Debug|Any CPU
		{2CC83C0D-6225-4151-8059-805FBEF86120}.Debug|x86.Deploy.0 = Debug|Any CPU
		{2CC83C0D-6225-4151-8059-805FBEF86120}.Development|Any CPU.ActiveCfg = Debug|Any CPU
		{2CC83C0D-6225-4151-8059-805FBEF86120}.Development|Any CPU.Build.0 = Debug|Any CPU
		{2CC83C0D-6225-4151-8059-805FBEF86120}.Development|Any CPU.Deploy.0 = Debug|Any CPU
		{2CC83C0D-6225-4151-8059-805FBEF86120}.Development|x86.ActiveCfg = Debug|Any CPU
		{2CC83C0D-6225-4151-8059-805FBEF86120}.Development|x86.Build.0 = Debug|Any CPU
		{2CC83C0D-6225-4151-8059-805FBEF86120}.Development|x86.Deploy.0 = Debug|Any CPU
		{2CC83C0D-6225-4151-8059-805FBEF86120}.Release|Any CPU.ActiveCfg = Release|Any CPU
		{2CC83C0D-6225-4151-8059-805FBEF86120}.Release|Any CPU.Build.0 = Release|Any CPU
		{2CC83C0D-6225-4151-8059-805FBEF86120}.Release|Any CPU.Deploy.0 = Release|Any CPU
		{2CC83C0D-6225-4151-8059-805FBEF86120}.Release|x86.ActiveCfg = Release|Any CPU
		{2CC83C0D-6225-4151-8059-805FBEF86120}.Release|x86.Build.0 = Release|Any CPU
		{2CC83C0D-6225-4151-8059-805FBEF86120}.Release|x86.Deploy.0 = Release|Any CPU
		{BC3CE126-D6C8-431B-ABBB-B685C3D03E58}.Debug|Any CPU.ActiveCfg = Debug|Any CPU
		{BC3CE126-D6C8-431B-ABBB-B685C3D03E58}.Debug|Any CPU.Build.0 = Debug|Any CPU
		{BC3CE126-D6C8-431B-ABBB-B685C3D03E58}.Debug|Any CPU.Deploy.0 = Debug|Any CPU
		{BC3CE126-D6C8-431B-ABBB-B685C3D03E58}.Debug|x86.ActiveCfg = Debug|Any CPU
		{BC3CE126-D6C8-431B-ABBB-B685C3D03E58}.Debug|x86.Build.0 = Debug|Any CPU
		{BC3CE126-D6C8-431B-ABBB-B685C3D03E58}.Debug|x86.Deploy.0 = Debug|Any CPU
		{BC3CE126-D6C8-431B-ABBB-B685C3D03E58}.Development|Any CPU.ActiveCfg = Debug|Any CPU
		{BC3CE126-D6C8-431B-ABBB-B685C3D03E58}.Development|Any CPU.Build.0 = Debug|Any CPU
		{BC3CE126-D6C8-431B-ABBB-B685C3D03E58}.Development|Any CPU.Deploy.0 = Debug|Any CPU
		{BC3CE126-D6C8-431B-ABBB-B685C3D03E58}.Development|x86.ActiveCfg = Debug|Any CPU
		{BC3CE126-D6C8-431B-ABBB-B685C3D03E58}.Development|x86.Build.0 = Debug|Any CPU
		{BC3CE126-D6C8-431B-ABBB-B685C3D03E58}.Development|x86.Deploy.0 = Debug|Any CPU
		{BC3CE126-D6C8-431B-ABBB-B685C3D03E58}.Release|Any CPU.ActiveCfg = Release|Any CPU
		{BC3CE126-D6C8-431B-ABBB-B685C3D03E58}.Release|Any CPU.Build.0 = Release|Any CPU
		{BC3CE126-D6C8-431B-ABBB-B685C3D03E58}.Release|Any CPU.Deploy.0 = Release|Any CPU
		{BC3CE126-D6C8-431B-ABBB-B685C3D03E58}.Release|x86.ActiveCfg = Release|Any CPU
		{BC3CE126-D6C8-431B-ABBB-B685C3D03E58}.Release|x86.Build.0 = Release|Any CPU
		{BC3CE126-D6C8-431B-ABBB-B685C3D03E58}.Release|x86.Deploy.0 = Release|Any CPU
		{0927F01B-98AE-4888-BF1F-F8BDE2EEDFD1}.Debug|Any CPU.ActiveCfg = Development
		{0927F01B-98AE-4888-BF1F-F8BDE2EEDFD1}.Debug|Any CPU.Build.0 = Development
		{0927F01B-98AE-4888-BF1F-F8BDE2EEDFD1}.Debug|x86.ActiveCfg = Development
		{0927F01B-98AE-4888-BF1F-F8BDE2EEDFD1}.Debug|x86.Build.0 = Development
		{0927F01B-98AE-4888-BF1F-F8BDE2EEDFD1}.Development|Any CPU.ActiveCfg = Development
		{0927F01B-98AE-4888-BF1F-F8BDE2EEDFD1}.Development|Any CPU.Build.0 = Development
		{0927F01B-98AE-4888-BF1F-F8BDE2EEDFD1}.Development|x86.ActiveCfg = Development
		{0927F01B-98AE-4888-BF1F-F8BDE2EEDFD1}.Development|x86.Build.0 = Development
		{0927F01B-98AE-4888-BF1F-F8BDE2EEDFD1}.Release|Any CPU.ActiveCfg = Development
		{0927F01B-98AE-4888-BF1F-F8BDE2EEDFD1}.Release|Any CPU.Build.0 = Development
		{0927F01B-98AE-4888-BF1F-F8BDE2EEDFD1}.Release|x86.ActiveCfg = Development
		{0927F01B-98AE-4888-BF1F-F8BDE2EEDFD1}.Release|x86.Build.0 = Development
		{894B4186-EB33-4062-A8FE-2E9484C22DBF}.Debug|Any CPU.ActiveCfg = Debug|Any CPU
		{894B4186-EB33-4062-A8FE-2E9484C22DBF}.Debug|Any CPU.Build.0 = Debug|Any CPU
		{894B4186-EB33-4062-A8FE-2E9484C22DBF}.Debug|Any CPU.Deploy.0 = Debug|Any CPU
		{894B4186-EB33-4062-A8FE-2E9484C22DBF}.Debug|x86.ActiveCfg = Debug|Any CPU
		{894B4186-EB33-4062-A8FE-2E9484C22DBF}.Debug|x86.Build.0 = Debug|Any CPU
		{894B4186-EB33-4062-A8FE-2E9484C22DBF}.Debug|x86.Deploy.0 = Debug|Any CPU
		{894B4186-EB33-4062-A8FE-2E9484C22DBF}.Development|Any CPU.ActiveCfg = Debug|Any CPU
		{894B4186-EB33-4062-A8FE-2E9484C22DBF}.Development|Any CPU.Build.0 = Debug|Any CPU
		{894B4186-EB33-4062-A8FE-2E9484C22DBF}.Development|Any CPU.Deploy.0 = Debug|Any CPU
		{894B4186-EB33-4062-A8FE-2E9484C22DBF}.Development|x86.ActiveCfg = Debug|Any CPU
		{894B4186-EB33-4062-A8FE-2E9484C22DBF}.Development|x86.Build.0 = Debug|Any CPU
		{894B4186-EB33-4062-A8FE-2E9484C22DBF}.Development|x86.Deploy.0 = Debug|Any CPU
		{894B4186-EB33-4062-A8FE-2E9484C22DBF}.Release|Any CPU.ActiveCfg = Release|Any CPU
		{894B4186-EB33-4062-A8FE-2E9484C22DBF}.Release|Any CPU.Build.0 = Release|Any CPU
		{894B4186-EB33-4062-A8FE-2E9484C22DBF}.Release|Any CPU.Deploy.0 = Release|Any CPU
		{894B4186-EB33-4062-A8FE-2E9484C22DBF}.Release|x86.ActiveCfg = Release|Any CPU
		{894B4186-EB33-4062-A8FE-2E9484C22DBF}.Release|x86.Build.0 = Release|Any CPU
		{894B4186-EB33-4062-A8FE-2E9484C22DBF}.Release|x86.Deploy.0 = Release|Any CPU
		{BAD8B77B-EEBC-41D3-8E4D-E4485292DC93}.Debug|Any CPU.ActiveCfg = Development
		{BAD8B77B-EEBC-41D3-8E4D-E4485292DC93}.Debug|Any CPU.Build.0 = Development
		{BAD8B77B-EEBC-41D3-8E4D-E4485292DC93}.Debug|Any CPU.Deploy.0 = Development
		{BAD8B77B-EEBC-41D3-8E4D-E4485292DC93}.Debug|x86.ActiveCfg = Development
		{BAD8B77B-EEBC-41D3-8E4D-E4485292DC93}.Debug|x86.Build.0 = Development
		{BAD8B77B-EEBC-41D3-8E4D-E4485292DC93}.Debug|x86.Deploy.0 = Development
		{BAD8B77B-EEBC-41D3-8E4D-E4485292DC93}.Development|Any CPU.ActiveCfg = Development
		{BAD8B77B-EEBC-41D3-8E4D-E4485292DC93}.Development|Any CPU.Build.0 = Development
		{BAD8B77B-EEBC-41D3-8E4D-E4485292DC93}.Development|Any CPU.Deploy.0 = Development
		{BAD8B77B-EEBC-41D3-8E4D-E4485292DC93}.Development|x86.ActiveCfg = Development
		{BAD8B77B-EEBC-41D3-8E4D-E4485292DC93}.Development|x86.Build.0 = Development
		{BAD8B77B-EEBC-41D3-8E4D-E4485292DC93}.Development|x86.Deploy.0 = Development
		{BAD8B77B-EEBC-41D3-8E4D-E4485292DC93}.Release|Any CPU.ActiveCfg = Development
		{BAD8B77B-EEBC-41D3-8E4D-E4485292DC93}.Release|Any CPU.Build.0 = Development
		{BAD8B77B-EEBC-41D3-8E4D-E4485292DC93}.Release|Any CPU.Deploy.0 = Development
		{BAD8B77B-EEBC-41D3-8E4D-E4485292DC93}.Release|x86.ActiveCfg = Development
		{BAD8B77B-EEBC-41D3-8E4D-E4485292DC93}.Release|x86.Build.0 = Development
		{BAD8B77B-EEBC-41D3-8E4D-E4485292DC93}.Release|x86.Deploy.0 = Development
		{8CE414BB-95B2-4C99-9E03-51BA72086E22}.Debug|Any CPU.ActiveCfg = Development|x86
		{8CE414BB-95B2-4C99-9E03-51BA72086E22}.Debug|Any CPU.Build.0 = Development|x86
		{8CE414BB-95B2-4C99-9E03-51BA72086E22}.Debug|Any CPU.Deploy.0 = Development|x86
		{8CE414BB-95B2-4C99-9E03-51BA72086E22}.Debug|x86.ActiveCfg = Development|x86
		{8CE414BB-95B2-4C99-9E03-51BA72086E22}.Debug|x86.Build.0 = Development|x86
		{8CE414BB-95B2-4C99-9E03-51BA72086E22}.Debug|x86.Deploy.0 = Development|x86
		{8CE414BB-95B2-4C99-9E03-51BA72086E22}.Development|Any CPU.ActiveCfg = Development|x86
		{8CE414BB-95B2-4C99-9E03-51BA72086E22}.Development|x86.ActiveCfg = Development|x86
		{8CE414BB-95B2-4C99-9E03-51BA72086E22}.Development|x86.Build.0 = Development|x86
		{8CE414BB-95B2-4C99-9E03-51BA72086E22}.Development|x86.Deploy.0 = Development|x86
		{8CE414BB-95B2-4C99-9E03-51BA72086E22}.Release|Any CPU.ActiveCfg = Development|x86
		{8CE414BB-95B2-4C99-9E03-51BA72086E22}.Release|Any CPU.Build.0 = Development|x86
		{8CE414BB-95B2-4C99-9E03-51BA72086E22}.Release|Any CPU.Deploy.0 = Development|x86
		{8CE414BB-95B2-4C99-9E03-51BA72086E22}.Release|x86.ActiveCfg = Development|x86
		{8CE414BB-95B2-4C99-9E03-51BA72086E22}.Release|x86.Build.0 = Development|x86
		{8CE414BB-95B2-4C99-9E03-51BA72086E22}.Release|x86.Deploy.0 = Development|x86
	EndGlobalSection
	GlobalSection(SolutionProperties) = preSolution
		HideSolutionNode = FALSE
	EndGlobalSection
	GlobalSection(ExtensibilityGlobals) = postSolution
		SolutionGuid = {58EA1601-0476-48C8-8622-36447B84D871}
	EndGlobalSection
EndGlobal
